
Microsoft Visual Studio Solution File, Format Version 12.00
# Visual Studio Version 16
VisualStudioVersion = 16.0.31424.327
MinimumVisualStudioVersion = 10.0.40219.1
Project("{FAE04EC0-301F-11D3-BF4B-00C04F79EFBC}") = "Exercise01", "..\Exercise01\Exercise01.csproj", "{1402C135-8CFC-47D1-B3B7-D5C4C21D4022}"
EndProject
Project("{FAE04EC0-301F-11D3-BF4B-00C04F79EFBC}") = "Exercise02", "..\Exercise02\Exercise02.csproj", "{8D8B04CC-B4A0-4D93-B54B-A0C781C7DE2C}"
EndProject
Project("{FAE04EC0-301F-11D3-BF4B-00C04F79EFBC}") = "Exercise03", "..\Exercise03\Exercise03.csproj", "{57DE1C02-FF79-484F-BE6F-5EB0B610969B}"
EndProject
Project("{FAE04EC0-301F-11D3-BF4B-00C04F79EFBC}") = "Exercise04", "..\Exercise04\Exercise04.csproj", "{7C65BCCD-E2DB-4D03-96EF-13FE576568F7}"
EndProject
Project("{FAE04EC0-301F-11D3-BF4B-00C04F79EFBC}") = "Exercise05", "..\Exercise05\Exercise05.csproj", "{A03BB264-1B8F-4BAF-9257-6701FAA275DD}"
EndProject
Project("{FAE04EC0-301F-11D3-BF4B-00C04F79EFBC}") = "Exercise06", "..\Exercise06\Exercise06.csproj", "{50875704-462D-433C-80F1-7E54EFEE541C}"
EndProject
Project("{FAE04EC0-301F-11D3-BF4B-00C04F79EFBC}") = "Exercise07", "..\Exercise07\Exercise07.csproj", "{D8BBE29F-3799-4782-BDA8-D15A3BCFA025}"
EndProject
Project("{FAE04EC0-301F-11D3-BF4B-00C04F79EFBC}") = "Exercise08", "..\Exercise08\Exercise08.csproj", "{FD055777-295C-44AB-8AB9-22205D79FA42}"
EndProject
Project("{FAE04EC0-301F-11D3-BF4B-00C04F79EFBC}") = "Exercise09", "..\Exercise09\Exercise09.csproj", "{C2296894-91D7-43EE-9D60-658B2D68C6B9}"
EndProject
Project("{FAE04EC0-301F-11D3-BF4B-00C04F79EFBC}") = "Exercise10", "..\Exercise10\Exercise10.csproj", "{3C092C9C-0624-4BCA-8991-378673361CBD}"
EndProject
Project("{FAE04EC0-301F-11D3-BF4B-00C04F79EFBC}") = "ConditionalExercise01", "..\..\ConditionalExercise01\ConditionalExercise01.csproj", "{39085765-A768-456C-A234-89DB4412D29B}"
EndProject
Project("{FAE04EC0-301F-11D3-BF4B-00C04F79EFBC}") = "ConditionalExercise02", "..\..\ConditionalExercise02\ConditionalExercise02.csproj", "{CFBB663F-A478-4739-80B0-1E41A8C32D03}"
EndProject
Project("{FAE04EC0-301F-11D3-BF4B-00C04F79EFBC}") = "ConditionalExercise03", "..\..\ConditionalExercise03\ConditionalExercise03.csproj", "{638136CA-FD78-4190-88E1-5CDC271774AB}"
EndProject
Project("{FAE04EC0-301F-11D3-BF4B-00C04F79EFBC}") = "ConditionalExercise04", "..\..\ConditionalExercise04\ConditionalExercise04.csproj", "{35D06A6B-4DC4-4146-B78F-1333D649AA9A}"
EndProject
Project("{FAE04EC0-301F-11D3-BF4B-00C04F79EFBC}") = "ConditionalExercise05", "..\..\ConditionalExercise05\ConditionalExercise05.csproj", "{D2434892-EFD1-4601-92E5-9B1EDFEB5447}"
EndProject
Project("{FAE04EC0-301F-11D3-BF4B-00C04F79EFBC}") = "ConditionalExercise06", "..\..\ConditionalExercise06\ConditionalExercise06.csproj", "{47E6EC6C-07A7-40F3-A67C-5FBEC7544DC5}"
EndProject
Project("{FAE04EC0-301F-11D3-BF4B-00C04F79EFBC}") = "ConditionalExercise07", "..\..\ConditionalExercise07\ConditionalExercise07.csproj", "{1A1B94DC-A9BE-45B6-BCF2-39A762D168A6}"
EndProject
Project("{FAE04EC0-301F-11D3-BF4B-00C04F79EFBC}") = "ConditionalExercise08", "..\..\ConditionalExercise08\ConditionalExercise08.csproj", "{C25D4FAA-C40F-4C60-97EE-81CC01EB1C3B}"
EndProject
Project("{FAE04EC0-301F-11D3-BF4B-00C04F79EFBC}") = "ConditionalExercise09", "..\..\ConditionalExercise09\ConditionalExercise09.csproj", "{545E6CA3-10BD-4165-976D-370A25E32946}"
EndProject
Project("{FAE04EC0-301F-11D3-BF4B-00C04F79EFBC}") = "ConditionalExercise10", "..\..\ConditionalExercise10\ConditionalExercise10.csproj", "{C66C0DDE-77D4-4886-8D3D-F86C79CDCC4A}"
EndProject
Project("{FAE04EC0-301F-11D3-BF4B-00C04F79EFBC}") = "ForLoopExercise01", "..\ForLoopExercise01\ForLoopExercise01.csproj", "{F8896855-81CC-4E1C-9170-AD0159DD33EF}"
EndProject
Project("{FAE04EC0-301F-11D3-BF4B-00C04F79EFBC}") = "ForLoopExercise02", "..\ForLoopExercise02\ForLoopExercise02.csproj", "{3628BBAC-62FA-4F2D-9EC6-1ED0341CC807}"
EndProject
Project("{FAE04EC0-301F-11D3-BF4B-00C04F79EFBC}") = "ForLoopExercise03", "..\ForLoopExercise03\ForLoopExercise03.csproj", "{4430B01F-0191-4FA6-B808-6F595185D09E}"
EndProject
Project("{FAE04EC0-301F-11D3-BF4B-00C04F79EFBC}") = "ForLoopExercise04", "..\ForLoopExercise04\ForLoopExercise04.csproj", "{EA7F4727-29DC-4654-BFAE-AF4AB2960A69}"
EndProject
Project("{FAE04EC0-301F-11D3-BF4B-00C04F79EFBC}") = "ForLoopExercise05", "..\ForLoopExercise05\ForLoopExercise05.csproj", "{F5F0C4E8-6E59-493F-8A06-60E10FE60733}"
EndProject
Project("{FAE04EC0-301F-11D3-BF4B-00C04F79EFBC}") = "ForLoopExercise06", "..\ForLoopExercise06\ForLoopExercise06.csproj", "{BC24478E-D49B-40D2-A081-7ED276FE6CF9}"
EndProject
Project("{FAE04EC0-301F-11D3-BF4B-00C04F79EFBC}") = "ForLoopExercise07", "..\ForLoopExercise07\ForLoopExercise07.csproj", "{949A2592-5A3F-46C6-9AC3-3A76EE6FA6E7}"
EndProject
Project("{FAE04EC0-301F-11D3-BF4B-00C04F79EFBC}") = "ForLoopExercise08", "..\ForLoopExercise08\ForLoopExercise08.csproj", "{85EFB11B-AB27-4BD1-AF9B-28E32DC97B21}"
EndProject
Project("{FAE04EC0-301F-11D3-BF4B-00C04F79EFBC}") = "ForLoopExercise09", "..\ForLoopExercise09\ForLoopExercise09.csproj", "{2F5707DE-382B-4CB3-A99A-501418B3E979}"
EndProject
Project("{FAE04EC0-301F-11D3-BF4B-00C04F79EFBC}") = "ForLoopExercise10", "..\ForLoopExercise10\ForLoopExercise10.csproj", "{1AC3C095-212C-40BA-BA4D-3042B90A6DF3}"
EndProject
Project("{FAE04EC0-301F-11D3-BF4B-00C04F79EFBC}") = "SampleOOP", "..\SampleOOP\SampleOOP.csproj", "{D098E7F1-8238-4B90-830A-97FB1CF8CAA3}"
EndProject
Project("{FAE04EC0-301F-11D3-BF4B-00C04F79EFBC}") = "OOPWithMethods", "..\OOPWithMethods\OOPWithMethods.csproj", "{A6F2275C-9374-4D71-875F-FB768834ACD5}"
EndProject
Project("{FAE04EC0-301F-11D3-BF4B-00C04F79EFBC}") = "BasicOOP", "..\BasicOOP\BasicOOP.csproj", "{9A81268B-76EE-4E82-A87A-0DCA2A1710FC}"
EndProject
Project("{FAE04EC0-301F-11D3-BF4B-00C04F79EFBC}") = "Method", "..\Method\Method.csproj", "{8416765E-72FA-4BA9-B5EA-B8C42996068B}"
EndProject
Global
	GlobalSection(SolutionConfigurationPlatforms) = preSolution
		Debug|Any CPU = Debug|Any CPU
		Release|Any CPU = Release|Any CPU
	EndGlobalSection
	GlobalSection(ProjectConfigurationPlatforms) = postSolution
		{1402C135-8CFC-47D1-B3B7-D5C4C21D4022}.Debug|Any CPU.ActiveCfg = Debug|Any CPU
		{1402C135-8CFC-47D1-B3B7-D5C4C21D4022}.Debug|Any CPU.Build.0 = Debug|Any CPU
		{1402C135-8CFC-47D1-B3B7-D5C4C21D4022}.Release|Any CPU.ActiveCfg = Release|Any CPU
		{1402C135-8CFC-47D1-B3B7-D5C4C21D4022}.Release|Any CPU.Build.0 = Release|Any CPU
		{8D8B04CC-B4A0-4D93-B54B-A0C781C7DE2C}.Debug|Any CPU.ActiveCfg = Debug|Any CPU
		{8D8B04CC-B4A0-4D93-B54B-A0C781C7DE2C}.Debug|Any CPU.Build.0 = Debug|Any CPU
		{8D8B04CC-B4A0-4D93-B54B-A0C781C7DE2C}.Release|Any CPU.ActiveCfg = Release|Any CPU
		{8D8B04CC-B4A0-4D93-B54B-A0C781C7DE2C}.Release|Any CPU.Build.0 = Release|Any CPU
		{57DE1C02-FF79-484F-BE6F-5EB0B610969B}.Debug|Any CPU.ActiveCfg = Debug|Any CPU
		{57DE1C02-FF79-484F-BE6F-5EB0B610969B}.Debug|Any CPU.Build.0 = Debug|Any CPU
		{57DE1C02-FF79-484F-BE6F-5EB0B610969B}.Release|Any CPU.ActiveCfg = Release|Any CPU
		{57DE1C02-FF79-484F-BE6F-5EB0B610969B}.Release|Any CPU.Build.0 = Release|Any CPU
		{7C65BCCD-E2DB-4D03-96EF-13FE576568F7}.Debug|Any CPU.ActiveCfg = Debug|Any CPU
		{7C65BCCD-E2DB-4D03-96EF-13FE576568F7}.Debug|Any CPU.Build.0 = Debug|Any CPU
		{7C65BCCD-E2DB-4D03-96EF-13FE576568F7}.Release|Any CPU.ActiveCfg = Release|Any CPU
		{7C65BCCD-E2DB-4D03-96EF-13FE576568F7}.Release|Any CPU.Build.0 = Release|Any CPU
		{A03BB264-1B8F-4BAF-9257-6701FAA275DD}.Debug|Any CPU.ActiveCfg = Debug|Any CPU
		{A03BB264-1B8F-4BAF-9257-6701FAA275DD}.Debug|Any CPU.Build.0 = Debug|Any CPU
		{A03BB264-1B8F-4BAF-9257-6701FAA275DD}.Release|Any CPU.ActiveCfg = Release|Any CPU
		{A03BB264-1B8F-4BAF-9257-6701FAA275DD}.Release|Any CPU.Build.0 = Release|Any CPU
		{50875704-462D-433C-80F1-7E54EFEE541C}.Debug|Any CPU.ActiveCfg = Debug|Any CPU
		{50875704-462D-433C-80F1-7E54EFEE541C}.Debug|Any CPU.Build.0 = Debug|Any CPU
		{50875704-462D-433C-80F1-7E54EFEE541C}.Release|Any CPU.ActiveCfg = Release|Any CPU
		{50875704-462D-433C-80F1-7E54EFEE541C}.Release|Any CPU.Build.0 = Release|Any CPU
		{D8BBE29F-3799-4782-BDA8-D15A3BCFA025}.Debug|Any CPU.ActiveCfg = Debug|Any CPU
		{D8BBE29F-3799-4782-BDA8-D15A3BCFA025}.Debug|Any CPU.Build.0 = Debug|Any CPU
		{D8BBE29F-3799-4782-BDA8-D15A3BCFA025}.Release|Any CPU.ActiveCfg = Release|Any CPU
		{D8BBE29F-3799-4782-BDA8-D15A3BCFA025}.Release|Any CPU.Build.0 = Release|Any CPU
		{FD055777-295C-44AB-8AB9-22205D79FA42}.Debug|Any CPU.ActiveCfg = Debug|Any CPU
		{FD055777-295C-44AB-8AB9-22205D79FA42}.Debug|Any CPU.Build.0 = Debug|Any CPU
		{FD055777-295C-44AB-8AB9-22205D79FA42}.Release|Any CPU.ActiveCfg = Release|Any CPU
		{FD055777-295C-44AB-8AB9-22205D79FA42}.Release|Any CPU.Build.0 = Release|Any CPU
		{C2296894-91D7-43EE-9D60-658B2D68C6B9}.Debug|Any CPU.ActiveCfg = Debug|Any CPU
		{C2296894-91D7-43EE-9D60-658B2D68C6B9}.Debug|Any CPU.Build.0 = Debug|Any CPU
		{C2296894-91D7-43EE-9D60-658B2D68C6B9}.Release|Any CPU.ActiveCfg = Release|Any CPU
		{C2296894-91D7-43EE-9D60-658B2D68C6B9}.Release|Any CPU.Build.0 = Release|Any CPU
		{3C092C9C-0624-4BCA-8991-378673361CBD}.Debug|Any CPU.ActiveCfg = Debug|Any CPU
		{3C092C9C-0624-4BCA-8991-378673361CBD}.Debug|Any CPU.Build.0 = Debug|Any CPU
		{3C092C9C-0624-4BCA-8991-378673361CBD}.Release|Any CPU.ActiveCfg = Release|Any CPU
		{3C092C9C-0624-4BCA-8991-378673361CBD}.Release|Any CPU.Build.0 = Release|Any CPU
		{39085765-A768-456C-A234-89DB4412D29B}.Debug|Any CPU.ActiveCfg = Debug|Any CPU
		{39085765-A768-456C-A234-89DB4412D29B}.Debug|Any CPU.Build.0 = Debug|Any CPU
		{39085765-A768-456C-A234-89DB4412D29B}.Release|Any CPU.ActiveCfg = Release|Any CPU
		{39085765-A768-456C-A234-89DB4412D29B}.Release|Any CPU.Build.0 = Release|Any CPU
		{CFBB663F-A478-4739-80B0-1E41A8C32D03}.Debug|Any CPU.ActiveCfg = Debug|Any CPU
		{CFBB663F-A478-4739-80B0-1E41A8C32D03}.Debug|Any CPU.Build.0 = Debug|Any CPU
		{CFBB663F-A478-4739-80B0-1E41A8C32D03}.Release|Any CPU.ActiveCfg = Release|Any CPU
		{CFBB663F-A478-4739-80B0-1E41A8C32D03}.Release|Any CPU.Build.0 = Release|Any CPU
		{638136CA-FD78-4190-88E1-5CDC271774AB}.Debug|Any CPU.ActiveCfg = Debug|Any CPU
		{638136CA-FD78-4190-88E1-5CDC271774AB}.Debug|Any CPU.Build.0 = Debug|Any CPU
		{638136CA-FD78-4190-88E1-5CDC271774AB}.Release|Any CPU.ActiveCfg = Release|Any CPU
		{638136CA-FD78-4190-88E1-5CDC271774AB}.Release|Any CPU.Build.0 = Release|Any CPU
		{35D06A6B-4DC4-4146-B78F-1333D649AA9A}.Debug|Any CPU.ActiveCfg = Debug|Any CPU
		{35D06A6B-4DC4-4146-B78F-1333D649AA9A}.Debug|Any CPU.Build.0 = Debug|Any CPU
		{35D06A6B-4DC4-4146-B78F-1333D649AA9A}.Release|Any CPU.ActiveCfg = Release|Any CPU
		{35D06A6B-4DC4-4146-B78F-1333D649AA9A}.Release|Any CPU.Build.0 = Release|Any CPU
		{D2434892-EFD1-4601-92E5-9B1EDFEB5447}.Debug|Any CPU.ActiveCfg = Debug|Any CPU
		{D2434892-EFD1-4601-92E5-9B1EDFEB5447}.Debug|Any CPU.Build.0 = Debug|Any CPU
		{D2434892-EFD1-4601-92E5-9B1EDFEB5447}.Release|Any CPU.ActiveCfg = Release|Any CPU
		{D2434892-EFD1-4601-92E5-9B1EDFEB5447}.Release|Any CPU.Build.0 = Release|Any CPU
		{47E6EC6C-07A7-40F3-A67C-5FBEC7544DC5}.Debug|Any CPU.ActiveCfg = Debug|Any CPU
		{47E6EC6C-07A7-40F3-A67C-5FBEC7544DC5}.Debug|Any CPU.Build.0 = Debug|Any CPU
		{47E6EC6C-07A7-40F3-A67C-5FBEC7544DC5}.Release|Any CPU.ActiveCfg = Release|Any CPU
		{47E6EC6C-07A7-40F3-A67C-5FBEC7544DC5}.Release|Any CPU.Build.0 = Release|Any CPU
		{1A1B94DC-A9BE-45B6-BCF2-39A762D168A6}.Debug|Any CPU.ActiveCfg = Debug|Any CPU
		{1A1B94DC-A9BE-45B6-BCF2-39A762D168A6}.Debug|Any CPU.Build.0 = Debug|Any CPU
		{1A1B94DC-A9BE-45B6-BCF2-39A762D168A6}.Release|Any CPU.ActiveCfg = Release|Any CPU
		{1A1B94DC-A9BE-45B6-BCF2-39A762D168A6}.Release|Any CPU.Build.0 = Release|Any CPU
		{C25D4FAA-C40F-4C60-97EE-81CC01EB1C3B}.Debug|Any CPU.ActiveCfg = Debug|Any CPU
		{C25D4FAA-C40F-4C60-97EE-81CC01EB1C3B}.Debug|Any CPU.Build.0 = Debug|Any CPU
		{C25D4FAA-C40F-4C60-97EE-81CC01EB1C3B}.Release|Any CPU.ActiveCfg = Release|Any CPU
		{C25D4FAA-C40F-4C60-97EE-81CC01EB1C3B}.Release|Any CPU.Build.0 = Release|Any CPU
		{545E6CA3-10BD-4165-976D-370A25E32946}.Debug|Any CPU.ActiveCfg = Debug|Any CPU
		{545E6CA3-10BD-4165-976D-370A25E32946}.Debug|Any CPU.Build.0 = Debug|Any CPU
		{545E6CA3-10BD-4165-976D-370A25E32946}.Release|Any CPU.ActiveCfg = Release|Any CPU
		{545E6CA3-10BD-4165-976D-370A25E32946}.Release|Any CPU.Build.0 = Release|Any CPU
		{C66C0DDE-77D4-4886-8D3D-F86C79CDCC4A}.Debug|Any CPU.ActiveCfg = Debug|Any CPU
		{C66C0DDE-77D4-4886-8D3D-F86C79CDCC4A}.Debug|Any CPU.Build.0 = Debug|Any CPU
		{C66C0DDE-77D4-4886-8D3D-F86C79CDCC4A}.Release|Any CPU.ActiveCfg = Release|Any CPU
		{C66C0DDE-77D4-4886-8D3D-F86C79CDCC4A}.Release|Any CPU.Build.0 = Release|Any CPU
		{F8896855-81CC-4E1C-9170-AD0159DD33EF}.Debug|Any CPU.ActiveCfg = Debug|Any CPU
		{F8896855-81CC-4E1C-9170-AD0159DD33EF}.Debug|Any CPU.Build.0 = Debug|Any CPU
		{F8896855-81CC-4E1C-9170-AD0159DD33EF}.Release|Any CPU.ActiveCfg = Release|Any CPU
		{F8896855-81CC-4E1C-9170-AD0159DD33EF}.Release|Any CPU.Build.0 = Release|Any CPU
		{3628BBAC-62FA-4F2D-9EC6-1ED0341CC807}.Debug|Any CPU.ActiveCfg = Debug|Any CPU
		{3628BBAC-62FA-4F2D-9EC6-1ED0341CC807}.Debug|Any CPU.Build.0 = Debug|Any CPU
		{3628BBAC-62FA-4F2D-9EC6-1ED0341CC807}.Release|Any CPU.ActiveCfg = Release|Any CPU
		{3628BBAC-62FA-4F2D-9EC6-1ED0341CC807}.Release|Any CPU.Build.0 = Release|Any CPU
		{4430B01F-0191-4FA6-B808-6F595185D09E}.Debug|Any CPU.ActiveCfg = Debug|Any CPU
		{4430B01F-0191-4FA6-B808-6F595185D09E}.Debug|Any CPU.Build.0 = Debug|Any CPU
		{4430B01F-0191-4FA6-B808-6F595185D09E}.Release|Any CPU.ActiveCfg = Release|Any CPU
		{4430B01F-0191-4FA6-B808-6F595185D09E}.Release|Any CPU.Build.0 = Release|Any CPU
		{EA7F4727-29DC-4654-BFAE-AF4AB2960A69}.Debug|Any CPU.ActiveCfg = Debug|Any CPU
		{EA7F4727-29DC-4654-BFAE-AF4AB2960A69}.Debug|Any CPU.Build.0 = Debug|Any CPU
		{EA7F4727-29DC-4654-BFAE-AF4AB2960A69}.Release|Any CPU.ActiveCfg = Release|Any CPU
		{EA7F4727-29DC-4654-BFAE-AF4AB2960A69}.Release|Any CPU.Build.0 = Release|Any CPU
		{F5F0C4E8-6E59-493F-8A06-60E10FE60733}.Debug|Any CPU.ActiveCfg = Debug|Any CPU
		{F5F0C4E8-6E59-493F-8A06-60E10FE60733}.Debug|Any CPU.Build.0 = Debug|Any CPU
		{F5F0C4E8-6E59-493F-8A06-60E10FE60733}.Release|Any CPU.ActiveCfg = Release|Any CPU
		{F5F0C4E8-6E59-493F-8A06-60E10FE60733}.Release|Any CPU.Build.0 = Release|Any CPU
		{BC24478E-D49B-40D2-A081-7ED276FE6CF9}.Debug|Any CPU.ActiveCfg = Debug|Any CPU
		{BC24478E-D49B-40D2-A081-7ED276FE6CF9}.Debug|Any CPU.Build.0 = Debug|Any CPU
		{BC24478E-D49B-40D2-A081-7ED276FE6CF9}.Release|Any CPU.ActiveCfg = Release|Any CPU
		{BC24478E-D49B-40D2-A081-7ED276FE6CF9}.Release|Any CPU.Build.0 = Release|Any CPU
		{949A2592-5A3F-46C6-9AC3-3A76EE6FA6E7}.Debug|Any CPU.ActiveCfg = Debug|Any CPU
		{949A2592-5A3F-46C6-9AC3-3A76EE6FA6E7}.Debug|Any CPU.Build.0 = Debug|Any CPU
		{949A2592-5A3F-46C6-9AC3-3A76EE6FA6E7}.Release|Any CPU.ActiveCfg = Release|Any CPU
		{949A2592-5A3F-46C6-9AC3-3A76EE6FA6E7}.Release|Any CPU.Build.0 = Release|Any CPU
		{85EFB11B-AB27-4BD1-AF9B-28E32DC97B21}.Debug|Any CPU.ActiveCfg = Debug|Any CPU
		{85EFB11B-AB27-4BD1-AF9B-28E32DC97B21}.Debug|Any CPU.Build.0 = Debug|Any CPU
		{85EFB11B-AB27-4BD1-AF9B-28E32DC97B21}.Release|Any CPU.ActiveCfg = Release|Any CPU
		{85EFB11B-AB27-4BD1-AF9B-28E32DC97B21}.Release|Any CPU.Build.0 = Release|Any CPU
		{2F5707DE-382B-4CB3-A99A-501418B3E979}.Debug|Any CPU.ActiveCfg = Debug|Any CPU
		{2F5707DE-382B-4CB3-A99A-501418B3E979}.Debug|Any CPU.Build.0 = Debug|Any CPU
		{2F5707DE-382B-4CB3-A99A-501418B3E979}.Release|Any CPU.ActiveCfg = Release|Any CPU
		{2F5707DE-382B-4CB3-A99A-501418B3E979}.Release|Any CPU.Build.0 = Release|Any CPU
		{1AC3C095-212C-40BA-BA4D-3042B90A6DF3}.Debug|Any CPU.ActiveCfg = Debug|Any CPU
		{1AC3C095-212C-40BA-BA4D-3042B90A6DF3}.Debug|Any CPU.Build.0 = Debug|Any CPU
		{1AC3C095-212C-40BA-BA4D-3042B90A6DF3}.Release|Any CPU.ActiveCfg = Release|Any CPU
		{1AC3C095-212C-40BA-BA4D-3042B90A6DF3}.Release|Any CPU.Build.0 = Release|Any CPU
		{D098E7F1-8238-4B90-830A-97FB1CF8CAA3}.Debug|Any CPU.ActiveCfg = Debug|Any CPU
		{D098E7F1-8238-4B90-830A-97FB1CF8CAA3}.Debug|Any CPU.Build.0 = Debug|Any CPU
		{D098E7F1-8238-4B90-830A-97FB1CF8CAA3}.Release|Any CPU.ActiveCfg = Release|Any CPU
		{D098E7F1-8238-4B90-830A-97FB1CF8CAA3}.Release|Any CPU.Build.0 = Release|Any CPU
		{A6F2275C-9374-4D71-875F-FB768834ACD5}.Debug|Any CPU.ActiveCfg = Debug|Any CPU
		{A6F2275C-9374-4D71-875F-FB768834ACD5}.Debug|Any CPU.Build.0 = Debug|Any CPU
		{A6F2275C-9374-4D71-875F-FB768834ACD5}.Release|Any CPU.ActiveCfg = Release|Any CPU
		{A6F2275C-9374-4D71-875F-FB768834ACD5}.Release|Any CPU.Build.0 = Release|Any CPU
		{9A81268B-76EE-4E82-A87A-0DCA2A1710FC}.Debug|Any CPU.ActiveCfg = Debug|Any CPU
		{9A81268B-76EE-4E82-A87A-0DCA2A1710FC}.Debug|Any CPU.Build.0 = Debug|Any CPU
		{9A81268B-76EE-4E82-A87A-0DCA2A1710FC}.Release|Any CPU.ActiveCfg = Release|Any CPU
		{9A81268B-76EE-4E82-A87A-0DCA2A1710FC}.Release|Any CPU.Build.0 = Release|Any CPU
		{8416765E-72FA-4BA9-B5EA-B8C42996068B}.Debug|Any CPU.ActiveCfg = Debug|Any CPU
		{8416765E-72FA-4BA9-B5EA-B8C42996068B}.Debug|Any CPU.Build.0 = Debug|Any CPU
		{8416765E-72FA-4BA9-B5EA-B8C42996068B}.Release|Any CPU.ActiveCfg = Release|Any CPU
		{8416765E-72FA-4BA9-B5EA-B8C42996068B}.Release|Any CPU.Build.0 = Release|Any CPU
	EndGlobalSection
	GlobalSection(SolutionProperties) = preSolution
		HideSolutionNode = FALSE
	EndGlobalSection
	GlobalSection(ExtensibilityGlobals) = postSolution
		SolutionGuid = {1CA5C024-2E2C-4C71-98B3-1D8E121DB1C4}
	EndGlobalSection
EndGlobal
