
Microsoft Visual Studio Solution File, Format Version 12.00
# Visual Studio Version 16
VisualStudioVersion = 16.0.31424.327
MinimumVisualStudioVersion = 10.0.40219.1
Project("{FAE04EC0-301F-11D3-BF4B-00C04F79EFBC}") = "Exercise01", "..\Exercise01\Exercise01.csproj", "{1402C135-8CFC-47D1-B3B7-D5C4C21D4022}"
EndProject
Project("{FAE04EC0-301F-11D3-BF4B-00C04F79EFBC}") = "Exercise02", "..\Exercise02\Exercise02.csproj", "{8D8B04CC-B4A0-4D93-B54B-A0C781C7DE2C}"
EndProject
Project("{FAE04EC0-301F-11D3-BF4B-00C04F79EFBC}") = "Exercise03", "..\Exercise03\Exercise03.csproj", "{57DE1C02-FF79-484F-BE6F-5EB0B610969B}"
EndProject
Project("{FAE04EC0-301F-11D3-BF4B-00C04F79EFBC}") = "Exercise04", "..\Exercise04\Exercise04.csproj", "{7C65BCCD-E2DB-4D03-96EF-13FE576568F7}"
EndProject
Project("{FAE04EC0-301F-11D3-BF4B-00C04F79EFBC}") = "Exercise05", "..\Exercise05\Exercise05.csproj", "{A03BB264-1B8F-4BAF-9257-6701FAA275DD}"
EndProject
Project("{FAE04EC0-301F-11D3-BF4B-00C04F79EFBC}") = "Exercise06", "..\Exercise06\Exercise06.csproj", "{50875704-462D-433C-80F1-7E54EFEE541C}"
EndProject
Project("{FAE04EC0-301F-11D3-BF4B-00C04F79EFBC}") = "Exercise07", "..\Exercise07\Exercise07.csproj", "{D8BBE29F-3799-4782-BDA8-D15A3BCFA025}"
EndProject
Project("{FAE04EC0-301F-11D3-BF4B-00C04F79EFBC}") = "Exercise08", "..\Exercise08\Exercise08.csproj", "{FD055777-295C-44AB-8AB9-22205D79FA42}"
EndProject
Project("{FAE04EC0-301F-11D3-BF4B-00C04F79EFBC}") = "Exercise09", "..\Exercise09\Exercise09.csproj", "{C2296894-91D7-43EE-9D60-658B2D68C6B9}"
EndProject
Project("{FAE04EC0-301F-11D3-BF4B-00C04F79EFBC}") = "Exercise10", "..\Exercise10\Exercise10.csproj", "{3C092C9C-0624-4BCA-8991-378673361CBD}"
EndProject
Global
	GlobalSection(SolutionConfigurationPlatforms) = preSolution
		Debug|Any CPU = Debug|Any CPU
		Release|Any CPU = Release|Any CPU
	EndGlobalSection
	GlobalSection(ProjectConfigurationPlatforms) = postSolution
		{1402C135-8CFC-47D1-B3B7-D5C4C21D4022}.Debug|Any CPU.ActiveCfg = Debug|Any CPU
		{1402C135-8CFC-47D1-B3B7-D5C4C21D4022}.Debug|Any CPU.Build.0 = Debug|Any CPU
		{1402C135-8CFC-47D1-B3B7-D5C4C21D4022}.Release|Any CPU.ActiveCfg = Release|Any CPU
		{1402C135-8CFC-47D1-B3B7-D5C4C21D4022}.Release|Any CPU.Build.0 = Release|Any CPU
		{8D8B04CC-B4A0-4D93-B54B-A0C781C7DE2C}.Debug|Any CPU.ActiveCfg = Debug|Any CPU
		{8D8B04CC-B4A0-4D93-B54B-A0C781C7DE2C}.Debug|Any CPU.Build.0 = Debug|Any CPU
		{8D8B04CC-B4A0-4D93-B54B-A0C781C7DE2C}.Release|Any CPU.ActiveCfg = Release|Any CPU
		{8D8B04CC-B4A0-4D93-B54B-A0C781C7DE2C}.Release|Any CPU.Build.0 = Release|Any CPU
		{57DE1C02-FF79-484F-BE6F-5EB0B610969B}.Debug|Any CPU.ActiveCfg = Debug|Any CPU
		{57DE1C02-FF79-484F-BE6F-5EB0B610969B}.Debug|Any CPU.Build.0 = Debug|Any CPU
		{57DE1C02-FF79-484F-BE6F-5EB0B610969B}.Release|Any CPU.ActiveCfg = Release|Any CPU
		{57DE1C02-FF79-484F-BE6F-5EB0B610969B}.Release|Any CPU.Build.0 = Release|Any CPU
		{7C65BCCD-E2DB-4D03-96EF-13FE576568F7}.Debug|Any CPU.ActiveCfg = Debug|Any CPU
		{7C65BCCD-E2DB-4D03-96EF-13FE576568F7}.Debug|Any CPU.Build.0 = Debug|Any CPU
		{7C65BCCD-E2DB-4D03-96EF-13FE576568F7}.Release|Any CPU.ActiveCfg = Release|Any CPU
		{7C65BCCD-E2DB-4D03-96EF-13FE576568F7}.Release|Any CPU.Build.0 = Release|Any CPU
		{A03BB264-1B8F-4BAF-9257-6701FAA275DD}.Debug|Any CPU.ActiveCfg = Debug|Any CPU
		{A03BB264-1B8F-4BAF-9257-6701FAA275DD}.Debug|Any CPU.Build.0 = Debug|Any CPU
		{A03BB264-1B8F-4BAF-9257-6701FAA275DD}.Release|Any CPU.ActiveCfg = Release|Any CPU
		{A03BB264-1B8F-4BAF-9257-6701FAA275DD}.Release|Any CPU.Build.0 = Release|Any CPU
		{50875704-462D-433C-80F1-7E54EFEE541C}.Debug|Any CPU.ActiveCfg = Debug|Any CPU
		{50875704-462D-433C-80F1-7E54EFEE541C}.Debug|Any CPU.Build.0 = Debug|Any CPU
		{50875704-462D-433C-80F1-7E54EFEE541C}.Release|Any CPU.ActiveCfg = Release|Any CPU
		{50875704-462D-433C-80F1-7E54EFEE541C}.Release|Any CPU.Build.0 = Release|Any CPU
		{D8BBE29F-3799-4782-BDA8-D15A3BCFA025}.Debug|Any CPU.ActiveCfg = Debug|Any CPU
		{D8BBE29F-3799-4782-BDA8-D15A3BCFA025}.Debug|Any CPU.Build.0 = Debug|Any CPU
		{D8BBE29F-3799-4782-BDA8-D15A3BCFA025}.Release|Any CPU.ActiveCfg = Release|Any CPU
		{D8BBE29F-3799-4782-BDA8-D15A3BCFA025}.Release|Any CPU.Build.0 = Release|Any CPU
		{FD055777-295C-44AB-8AB9-22205D79FA42}.Debug|Any CPU.ActiveCfg = Debug|Any CPU
		{FD055777-295C-44AB-8AB9-22205D79FA42}.Debug|Any CPU.Build.0 = Debug|Any CPU
		{FD055777-295C-44AB-8AB9-22205D79FA42}.Release|Any CPU.ActiveCfg = Release|Any CPU
		{FD055777-295C-44AB-8AB9-22205D79FA42}.Release|Any CPU.Build.0 = Release|Any CPU
		{C2296894-91D7-43EE-9D60-658B2D68C6B9}.Debug|Any CPU.ActiveCfg = Debug|Any CPU
		{C2296894-91D7-43EE-9D60-658B2D68C6B9}.Debug|Any CPU.Build.0 = Debug|Any CPU
		{C2296894-91D7-43EE-9D60-658B2D68C6B9}.Release|Any CPU.ActiveCfg = Release|Any CPU
		{C2296894-91D7-43EE-9D60-658B2D68C6B9}.Release|Any CPU.Build.0 = Release|Any CPU
		{3C092C9C-0624-4BCA-8991-378673361CBD}.Debug|Any CPU.ActiveCfg = Debug|Any CPU
		{3C092C9C-0624-4BCA-8991-378673361CBD}.Debug|Any CPU.Build.0 = Debug|Any CPU
		{3C092C9C-0624-4BCA-8991-378673361CBD}.Release|Any CPU.ActiveCfg = Release|Any CPU
		{3C092C9C-0624-4BCA-8991-378673361CBD}.Release|Any CPU.Build.0 = Release|Any CPU
	EndGlobalSection
	GlobalSection(SolutionProperties) = preSolution
		HideSolutionNode = FALSE
	EndGlobalSection
	GlobalSection(ExtensibilityGlobals) = postSolution
		SolutionGuid = {1CA5C024-2E2C-4C71-98B3-1D8E121DB1C4}
	EndGlobalSection
EndGlobal
