
Microsoft Visual Studio Solution File, Format Version 12.00
# Visual Studio Version 16
VisualStudioVersion = 16.0.31424.327
MinimumVisualStudioVersion = 10.0.40219.1
Project("{FAE04EC0-301F-11D3-BF4B-00C04F79EFBC}") = "ForLoopExercise06", "ForLoopExercise06.csproj", "{BC24478E-D49B-40D2-A081-7ED276FE6CF9}"
EndProject
Global
	GlobalSection(SolutionConfigurationPlatforms) = preSolution
		Debug|Any CPU = Debug|Any CPU
		Release|Any CPU = Release|Any CPU
	EndGlobalSection
	GlobalSection(ProjectConfigurationPlatforms) = postSolution
		{BC24478E-D49B-40D2-A081-7ED276FE6CF9}.Debug|Any CPU.ActiveCfg = Debug|Any CPU
		{BC24478E-D49B-40D2-A081-7ED276FE6CF9}.Debug|Any CPU.Build.0 = Debug|Any CPU
		{BC24478E-D49B-40D2-A081-7ED276FE6CF9}.Release|Any CPU.ActiveCfg = Release|Any CPU
		{BC24478E-D49B-40D2-A081-7ED276FE6CF9}.Release|Any CPU.Build.0 = Release|Any CPU
	EndGlobalSection
	GlobalSection(SolutionProperties) = preSolution
		HideSolutionNode = FALSE
	EndGlobalSection
	GlobalSection(ExtensibilityGlobals) = postSolution
		SolutionGuid = {51ACC7C3-0F27-4575-87A1-482BE85BDD7E}
	EndGlobalSection
EndGlobal
