
Microsoft Visual Studio Solution File, Format Version 12.00
# Visual Studio Version 16
VisualStudioVersion = 16.0.31424.327
MinimumVisualStudioVersion = 10.0.40219.1
Project("{FAE04EC0-301F-11D3-BF4B-00C04F79EFBC}") = "ConditionExercise06", "ConditionExercise06.csproj", "{47E6EC6C-07A7-40F3-A67C-5FBEC7544DC5}"
EndProject
Global
	GlobalSection(SolutionConfigurationPlatforms) = preSolution
		Debug|Any CPU = Debug|Any CPU
		Release|Any CPU = Release|Any CPU
	EndGlobalSection
	GlobalSection(ProjectConfigurationPlatforms) = postSolution
		{47E6EC6C-07A7-40F3-A67C-5FBEC7544DC5}.Debug|Any CPU.ActiveCfg = Debug|Any CPU
		{47E6EC6C-07A7-40F3-A67C-5FBEC7544DC5}.Debug|Any CPU.Build.0 = Debug|Any CPU
		{47E6EC6C-07A7-40F3-A67C-5FBEC7544DC5}.Release|Any CPU.ActiveCfg = Release|Any CPU
		{47E6EC6C-07A7-40F3-A67C-5FBEC7544DC5}.Release|Any CPU.Build.0 = Release|Any CPU
	EndGlobalSection
	GlobalSection(SolutionProperties) = preSolution
		HideSolutionNode = FALSE
	EndGlobalSection
	GlobalSection(ExtensibilityGlobals) = postSolution
		SolutionGuid = {50EA5343-3BBB-4FE0-AC6D-5AA985701E3A}
	EndGlobalSection
EndGlobal
