
Microsoft Visual Studio Solution File, Format Version 12.00
# Visual Studio Version 16
VisualStudioVersion = 16.0.31424.327
MinimumVisualStudioVersion = 10.0.40219.1
Project("{FAE04EC0-301F-11D3-BF4B-00C04F79EFBC}") = "ForLoopExercise10", "ForLoopExercise10.csproj", "{1AC3C095-212C-40BA-BA4D-3042B90A6DF3}"
EndProject
Global
	GlobalSection(SolutionConfigurationPlatforms) = preSolution
		Debug|Any CPU = Debug|Any CPU
		Release|Any CPU = Release|Any CPU
	EndGlobalSection
	GlobalSection(ProjectConfigurationPlatforms) = postSolution
		{1AC3C095-212C-40BA-BA4D-3042B90A6DF3}.Debug|Any CPU.ActiveCfg = Debug|Any CPU
		{1AC3C095-212C-40BA-BA4D-3042B90A6DF3}.Debug|Any CPU.Build.0 = Debug|Any CPU
		{1AC3C095-212C-40BA-BA4D-3042B90A6DF3}.Release|Any CPU.ActiveCfg = Release|Any CPU
		{1AC3C095-212C-40BA-BA4D-3042B90A6DF3}.Release|Any CPU.Build.0 = Release|Any CPU
	EndGlobalSection
	GlobalSection(SolutionProperties) = preSolution
		HideSolutionNode = FALSE
	EndGlobalSection
	GlobalSection(ExtensibilityGlobals) = postSolution
		SolutionGuid = {5288DE27-47EC-4BE1-AEA1-245B9B868585}
	EndGlobalSection
EndGlobal
