
Microsoft Visual Studio Solution File, Format Version 12.00
# Visual Studio Version 16
VisualStudioVersion = 16.0.31424.327
MinimumVisualStudioVersion = 10.0.40219.1
Project("{FAE04EC0-301F-11D3-BF4B-00C04F79EFBC}") = "Exercise05", "Exercise05.csproj", "{A03BB264-1B8F-4BAF-9257-6701FAA275DD}"
EndProject
Global
	GlobalSection(SolutionConfigurationPlatforms) = preSolution
		Debug|Any CPU = Debug|Any CPU
		Release|Any CPU = Release|Any CPU
	EndGlobalSection
	GlobalSection(ProjectConfigurationPlatforms) = postSolution
		{A03BB264-1B8F-4BAF-9257-6701FAA275DD}.Debug|Any CPU.ActiveCfg = Debug|Any CPU
		{A03BB264-1B8F-4BAF-9257-6701FAA275DD}.Debug|Any CPU.Build.0 = Debug|Any CPU
		{A03BB264-1B8F-4BAF-9257-6701FAA275DD}.Release|Any CPU.ActiveCfg = Release|Any CPU
		{A03BB264-1B8F-4BAF-9257-6701FAA275DD}.Release|Any CPU.Build.0 = Release|Any CPU
	EndGlobalSection
	GlobalSection(SolutionProperties) = preSolution
		HideSolutionNode = FALSE
	EndGlobalSection
	GlobalSection(ExtensibilityGlobals) = postSolution
		SolutionGuid = {C9871D67-8509-4473-A3EA-128AF856E9A2}
	EndGlobalSection
EndGlobal
