
Microsoft Visual Studio Solution File, Format Version 12.00
# Visual Studio Version 16
VisualStudioVersion = 16.0.31424.327
MinimumVisualStudioVersion = 10.0.40219.1
Project("{FAE04EC0-301F-11D3-BF4B-00C04F79EFBC}") = "Exercise06", "Exercise06.csproj", "{50875704-462D-433C-80F1-7E54EFEE541C}"
EndProject
Global
	GlobalSection(SolutionConfigurationPlatforms) = preSolution
		Debug|Any CPU = Debug|Any CPU
		Release|Any CPU = Release|Any CPU
	EndGlobalSection
	GlobalSection(ProjectConfigurationPlatforms) = postSolution
		{50875704-462D-433C-80F1-7E54EFEE541C}.Debug|Any CPU.ActiveCfg = Debug|Any CPU
		{50875704-462D-433C-80F1-7E54EFEE541C}.Debug|Any CPU.Build.0 = Debug|Any CPU
		{50875704-462D-433C-80F1-7E54EFEE541C}.Release|Any CPU.ActiveCfg = Release|Any CPU
		{50875704-462D-433C-80F1-7E54EFEE541C}.Release|Any CPU.Build.0 = Release|Any CPU
	EndGlobalSection
	GlobalSection(SolutionProperties) = preSolution
		HideSolutionNode = FALSE
	EndGlobalSection
	GlobalSection(ExtensibilityGlobals) = postSolution
		SolutionGuid = {0D21E8BE-1F2A-44DA-AB83-EF7095E44C8C}
	EndGlobalSection
EndGlobal
